
Microsoft Visual Studio Solution File, Format Version 12.00
# Visual Studio 15
VisualStudioVersion = 15.0.28307.960
MinimumVisualStudioVersion = 10.0.40219.1
Project("{FAE04EC0-301F-11D3-BF4B-00C04F79EFBC}") = "CRM", "CRM\CRM.csproj", "{19F5ACE5-1E4F-4AD3-9DCD-381BD930CC70}"
EndProject
Global
	GlobalSection(SolutionConfigurationPlatforms) = preSolution
		Debug|Any CPU = Debug|Any CPU
		Release|Any CPU = Release|Any CPU
	EndGlobalSection
	GlobalSection(ProjectConfigurationPlatforms) = postSolution
		{19F5ACE5-1E4F-4AD3-9DCD-381BD930CC70}.Debug|Any CPU.ActiveCfg = Debug|Any CPU
		{19F5ACE5-1E4F-4AD3-9DCD-381BD930CC70}.Debug|Any CPU.Build.0 = Debug|Any CPU
		{19F5ACE5-1E4F-4AD3-9DCD-381BD930CC70}.Release|Any CPU.ActiveCfg = Release|Any CPU
		{19F5ACE5-1E4F-4AD3-9DCD-381BD930CC70}.Release|Any CPU.Build.0 = Release|Any CPU
	EndGlobalSection
	GlobalSection(SolutionProperties) = preSolution
		HideSolutionNode = FALSE
	EndGlobalSection
	GlobalSection(ExtensibilityGlobals) = postSolution
		SolutionGuid = {005EF209-BE71-4279-823F-5425DD2A7151}
	EndGlobalSection
EndGlobal
